<?xml version="1.0" encoding="utf-8"?>
<Project ToolsVersion="4.0" xmlns="http://schemas.microsoft.com/developer/msbuild/2003">
  <ItemGroup>
    <Filter Include="Source Files">
      <UniqueIdentifier>{4FC737F1-C7A5-4376-A066-2A32D752A2FF}</UniqueIdentifier>
      <Extensions>cpp;c;cc;cxx;c++;cppm;ixx;def;odl;idl;hpj;bat;asm;asmx</Extensions>
    </Filter>
    <Filter Include="Header Files">
      <UniqueIdentifier>{93995380-89BD-4b04-88EB-625FBE52EBFB}</UniqueIdentifier>
      <Extensions>h;hh;hpp;hxx;h++;hm;inl;inc;ipp;xsd</Extensions>
    </Filter>
    <Filter Include="Resource Files">
      <UniqueIdentifier>{67DA6AB6-F800-4c08-8B7A-83BB121AAD01}</UniqueIdentifier>
      <Extensions>rc;ico;cur;bmp;dlg;rc2;rct;bin;rgs;gif;jpg;jpeg;jpe;resx;tiff;tif;png;wav;mfcribbon-ms</Extensions>
    </Filter>
  </ItemGroup>
  <ItemGroup>
    <ClCompile Include="src\main.cpp">
      <Filter>Source Files</Filter>
    </ClCompile>
    <ClCompile Include="src\Application.cpp">
      <Filter>Source Files</Filter>
    </ClCompile>
    <ClCompile Include="src\Factories\GameObjectFactories.cpp">
      <Filter>Source Files</Filter>
    </ClCompile>
    <ClCompile Include="src\View\WindowViewStrategy.cpp">
      <Filter>Source Files</Filter>
    </ClCompile>
    <ClCompile Include="src\View\ConsoleViewStrategy.cpp">
      <Filter>Source Files</Filter>
    </ClCompile>
    <ClCompile Include="src\Core\GameObject.cpp">
      <Filter>Source Files</Filter>
    </ClCompile>
    <ClCompile Include="src\Core\Scene.cpp">
      <Filter>Source Files</Filter>
    </ClCompile>
    <ClCompile Include="src\Debug\Logger.cpp">
      <Filter>Source Files</Filter>
    </ClCompile>
    <ClCompile Include="src\Components\Core\Commands.cpp">
      <Filter>Source Files</Filter>
    </ClCompile>
    <ClCompile Include="src\Components\Physics\RigidbodyComponent.cpp">
      <Filter>Source Files</Filter>
    </ClCompile>
    <ClCompile Include="src\Components\View\SquareComponent.cpp">
      <Filter>Source Files</Filter>
    </ClCompile>
    <ClCompile Include="src\Components\Player\InputComponent.cpp">
      <Filter>Source Files</Filter>
    </ClCompile>
    <ClCompile Include="src\Components\Actor\ActorComponent.cpp">
      <Filter>Source Files</Filter>
    </ClCompile>
    <ClCompile Include="src\Components\Physics\BoxCollider.cpp">
      <Filter>Source Files</Filter>
    </ClCompile>
    <ClCompile Include="src\Core\Message.cpp">
      <Filter>Source Files</Filter>
    </ClCompile>
    <ClCompile Include="src\Managers\EntityManager.cpp">
      <Filter>Source Files</Filter>
    </ClCompile>
    <ClCompile Include="src\Managers\InputManager.cpp">
      <Filter>Source Files</Filter>
    </ClCompile>
    <ClCompile Include="src\Managers\SubsystemManager.cpp">
      <Filter>Source Files</Filter>
    </ClCompile>
    <ClCompile Include="src\Subsystems\PhysicsSubsystem.cpp">
      <Filter>Source Files</Filter>
    </ClCompile>
    <ClCompile Include="src\SubSystems\AllSubsystems.h">
      <Filter>Source Files</Filter>
    </ClCompile>
    <ClCompile Include="src\Subsystems\ViewSubsystem.cpp">
      <Filter>Source Files</Filter>
    </ClCompile>
    <ClCompile Include="src\Components\Core\IComponent.cpp">
      <Filter>Source Files</Filter>
    </ClCompile>
    <ClCompile Include="src\Subsystems\ActorSubsystem.cpp">
      <Filter>Source Files</Filter>
    </ClCompile>
    <ClCompile Include="src\Components\View\FpsCounterComponent.cpp">
      <Filter>Source Files</Filter>
    </ClCompile>
    <ClCompile Include="src\Utils\VectorUtils.cpp">
      <Filter>Source Files</Filter>
    </ClCompile>
  </ItemGroup>
  <ItemGroup>
    <ClInclude Include="src\Application.h">
      <Filter>Header Files</Filter>
    </ClInclude>
    <ClInclude Include="src\Factories\GameObjectFactories.h">
      <Filter>Header Files</Filter>
    </ClInclude>
    <ClInclude Include="src\View\IViewStrategy.h">
      <Filter>Header Files</Filter>
    </ClInclude>
    <ClInclude Include="src\View\WindowViewStrategy.h">
      <Filter>Header Files</Filter>
    </ClInclude>
    <ClInclude Include="src\View\ConsoleViewStrategy.h">
      <Filter>Header Files</Filter>
    </ClInclude>
    <ClInclude Include="src\Core\GameObject.h">
      <Filter>Header Files</Filter>
    </ClInclude>
    <ClInclude Include="src\Core\Scene.h">
      <Filter>Header Files</Filter>
    </ClInclude>
    <ClInclude Include="src\Debug\Logger.h">
      <Filter>Header Files</Filter>
    </ClInclude>
    <ClInclude Include="src\Components\Core\Transform.h">
      <Filter>Header Files</Filter>
    </ClInclude>
    <ClInclude Include="src\Components\Core\IComponent.h">
      <Filter>Header Files</Filter>
    </ClInclude>
    <ClInclude Include="src\Components\Core\Commands.h">
      <Filter>Header Files</Filter>
    </ClInclude>
    <ClInclude Include="src\Components\Physics\RigidbodyComponent.h">
      <Filter>Header Files</Filter>
    </ClInclude>
    <ClInclude Include="src\Components\View\SquareComponent.h">
      <Filter>Header Files</Filter>
    </ClInclude>
    <ClInclude Include="src\Components\Core.h">
      <Filter>Header Files</Filter>
    </ClInclude>
    <ClInclude Include="src\Components\Physics.h">
      <Filter>Header Files</Filter>
    </ClInclude>
    <ClInclude Include="src\Components\View.h">
      <Filter>Header Files</Filter>
    </ClInclude>
    <ClInclude Include="src\Components\Player\InputComponent.h">
      <Filter>Header Files</Filter>
    </ClInclude>
    <ClInclude Include="src\Components\Actor\ActorComponent.h">
      <Filter>Header Files</Filter>
    </ClInclude>
    <ClInclude Include="src\Components\Player.h">
      <Filter>Header Files</Filter>
    </ClInclude>
    <ClInclude Include="src\Components\AllComponents.h">
      <Filter>Header Files</Filter>
    </ClInclude>
    <ClInclude Include="src\Components\Actor.h">
      <Filter>Header Files</Filter>
    </ClInclude>
    <ClInclude Include="src\Components\AI.h">
      <Filter>Header Files</Filter>
    </ClInclude>
    <ClInclude Include="src\Components\Physics\BoxCollider.h">
      <Filter>Header Files</Filter>
    </ClInclude>
    <ClInclude Include="src\Utils\VectorUtils.h">
      <Filter>Header Files</Filter>
    </ClInclude>
    <ClInclude Include="src\Utils\AllUtils.h">
      <Filter>Header Files</Filter>
    </ClInclude>
    <ClInclude Include="src\Core\Message.h">
      <Filter>Header Files</Filter>
    </ClInclude>
    <ClInclude Include="src\Managers\EntityManager.h">
      <Filter>Header Files</Filter>
    </ClInclude>
    <ClInclude Include="src\Managers\InputManager.h">
      <Filter>Header Files</Filter>
    </ClInclude>
    <ClInclude Include="src\Managers\SubsystemManager.h">
      <Filter>Header Files</Filter>
    </ClInclude>
    <ClInclude Include="src\Managers\AllManagers.h">
      <Filter>Header Files</Filter>
    </ClInclude>
    <ClInclude Include="src\Subsystems\PhysicsSubsystem.h">
      <Filter>Header Files</Filter>
    </ClInclude>
    <ClInclude Include="src\Subsystems\ViewSubsystem.h">
      <Filter>Header Files</Filter>
    </ClInclude>
    <ClInclude Include="src\View\Renderables.h">
      <Filter>Header Files</Filter>
    </ClInclude>
    <ClInclude Include="src\Subsystems\ActorSubsystem.h">
      <Filter>Header Files</Filter>
    </ClInclude>
    <ClInclude Include="src\Components\View\FpsCounterComponent.h">
      <Filter>Header Files</Filter>
    </ClInclude>
  </ItemGroup>
  <ItemGroup>
    <Font Include="arial.ttf" />
  </ItemGroup>
</Project>